{
  "version": 4,
  "terraform_version": "1.9.7",
  "serial": 1,
  "lineage": "0a0df3a3-2929-9a9e-b05b-74573ad32c94",
  "outputs": {},
  "resources": [
    {
      "mode": "managed",
      "type": "spotify_playlist",
      "name": "Malayalam",
      "provider": "provider[\"registry.terraform.io/conradludgate/spotify\"]",
      "instances": [
        {
          "schema_version": 0,
          "attributes": {
            "description": null,
            "id": "245Ngqmnx6xxBUvl1z3uNQ",
            "name": "Malayalam playlists",
            "public": true,
            "snapshot_id": "AAAAAk4S4UfH/O4mbrAxPMfh5OP5bA6K",
            "tracks": [
              "3E0V1VegCFH9SeRSNWFKki"
            ]
          },
          "sensitive_attributes": [],
          "private": "bnVsbA=="
        }
      ]
    }
  ],
  "check_results": null
}
